
Microsoft Visual Studio Solution File, Format Version 12.00
# Visual Studio 15
VisualStudioVersion = 15.0.28010.2036
MinimumVisualStudioVersion = 10.0.40219.1
Project("{FAE04EC0-301F-11D3-BF4B-00C04F79EFBC}") = "GitHubAnalise", "GitHubAnalise\GitHubAnalise.csproj", "{6727C4D5-AE15-4D30-A3FF-84E5A6F649A9}"
EndProject
Global
	GlobalSection(SolutionConfigurationPlatforms) = preSolution
		Debug|Any CPU = Debug|Any CPU
		Release|Any CPU = Release|Any CPU
	EndGlobalSection
	GlobalSection(ProjectConfigurationPlatforms) = postSolution
		{6727C4D5-AE15-4D30-A3FF-84E5A6F649A9}.Debug|Any CPU.ActiveCfg = Debug|Any CPU
		{6727C4D5-AE15-4D30-A3FF-84E5A6F649A9}.Debug|Any CPU.Build.0 = Debug|Any CPU
		{6727C4D5-AE15-4D30-A3FF-84E5A6F649A9}.Release|Any CPU.ActiveCfg = Release|Any CPU
		{6727C4D5-AE15-4D30-A3FF-84E5A6F649A9}.Release|Any CPU.Build.0 = Release|Any CPU
	EndGlobalSection
	GlobalSection(SolutionProperties) = preSolution
		HideSolutionNode = FALSE
	EndGlobalSection
	GlobalSection(ExtensibilityGlobals) = postSolution
		SolutionGuid = {E3555B84-7003-4332-817E-4F269262E19D}
	EndGlobalSection
EndGlobal
